{
  "name": "patitas-a-casa",
  "lockfileVersion": 2,
  "requires": true,
  "packages": {
    "": {
      "dependencies": {
        "scripts": "^0.1.0"
      }
    },
    "node_modules/scripts": {
      "version": "0.1.0",
      "resolved": "https://registry.npmjs.org/scripts/-/scripts-0.1.0.tgz",
      "integrity": "sha512-URMy4uj80+USxik0E+P7OeagdYGRM6vJQ+8zADRRNjcoIVdouxB7B60P4G4y20TizSGXdE0nAW5sSM1IIXa3hw==",
      "engines": {
        "node": ">= 0.4.0"
      }
    }
  },
  "dependencies": {
    "scripts": {
      "version": "0.1.0",
      "resolved": "https://registry.npmjs.org/scripts/-/scripts-0.1.0.tgz",
      "integrity": "sha512-URMy4uj80+USxik0E+P7OeagdYGRM6vJQ+8zADRRNjcoIVdouxB7B60P4G4y20TizSGXdE0nAW5sSM1IIXa3hw=="
    }
  }
}
